
Microsoft Visual Studio Solution File, Format Version 12.00
# Visual Studio Version 17
VisualStudioVersion = 17.5.33516.290
MinimumVisualStudioVersion = 10.0.40219.1
Project("{FAE04EC0-301F-11D3-BF4B-00C04F79EFBC}") = "webTiendaOnlineMVC", "webTiendaOnlineMVC\webTiendaOnlineMVC.csproj", "{33D8E958-D3E0-49AE-BBA2-A8DDBFCCEC19}"
EndProject
Global
	GlobalSection(SolutionConfigurationPlatforms) = preSolution
		Debug|Any CPU = Debug|Any CPU
		Release|Any CPU = Release|Any CPU
	EndGlobalSection
	GlobalSection(ProjectConfigurationPlatforms) = postSolution
		{33D8E958-D3E0-49AE-BBA2-A8DDBFCCEC19}.Debug|Any CPU.ActiveCfg = Debug|Any CPU
		{33D8E958-D3E0-49AE-BBA2-A8DDBFCCEC19}.Debug|Any CPU.Build.0 = Debug|Any CPU
		{33D8E958-D3E0-49AE-BBA2-A8DDBFCCEC19}.Release|Any CPU.ActiveCfg = Release|Any CPU
		{33D8E958-D3E0-49AE-BBA2-A8DDBFCCEC19}.Release|Any CPU.Build.0 = Release|Any CPU
	EndGlobalSection
	GlobalSection(SolutionProperties) = preSolution
		HideSolutionNode = FALSE
	EndGlobalSection
	GlobalSection(ExtensibilityGlobals) = postSolution
		SolutionGuid = {3D6C2554-9FA1-4177-8E17-54F80E7A2F84}
	EndGlobalSection
EndGlobal
